<?xml version="1.0" encoding="utf-8"?>
<Project ToolsVersion="16.0" xmlns="http://schemas.microsoft.com/developer/msbuild/2003">
  <ItemGroup>
    <ClCompile Include="C:\Users\kai\source\repos\server\server\server.cpp">
      <Filter>Source Files</Filter>
    </ClCompile>
    <ClCompile Include="C:\Users\kai\source\repos\server\server\clienthandler.cpp">
      <Filter>Source Files</Filter>
    </ClCompile>
    <ClCompile Include="C:\Users\kai\source\repos\server\server\dbmanager.cpp">
      <Filter>Source Files</Filter>
    </ClCompile>
    <ClCompile Include="C:\Users\kai\source\repos\server\server\discordbot.cpp">
      <Filter>Source Files</Filter>
    </ClCompile>
  </ItemGroup>
  <ItemGroup>
    <ClInclude Include="C:\Users\kai\source\repos\server\server\clienthandler.h">
      <Filter>Header Files</Filter>
    </ClInclude>
    <ClInclude Include="C:\Users\kai\source\repos\server\server\dbmanager.h">
      <Filter>Header Files</Filter>
    </ClInclude>
    <ClInclude Include="C:\Users\kai\source\repos\server\server\discordbot.h">
      <Filter>Header Files</Filter>
    </ClInclude>
    <ClInclude Include="C:\Users\kai\source\repos\server\server\includes.h">
      <Filter>Header Files</Filter>
    </ClInclude>
    <ClInclude Include="md5.h" />
  </ItemGroup>
  <ItemGroup>
    <CustomBuild Include="C:\Users\kai\source\repos\server\server\CMakeLists.txt" />
  </ItemGroup>
  <ItemGroup>
    <Filter Include="Header Files">
      <UniqueIdentifier>{E127D22A-7A7A-316A-9350-69CAA4EC0E58}</UniqueIdentifier>
    </Filter>
    <Filter Include="Source Files">
      <UniqueIdentifier>{FF35B3F4-0207-3D20-A733-173ED5C7F689}</UniqueIdentifier>
    </Filter>
  </ItemGroup>
</Project>